<?xml version="1.0" encoding="UTF-8"?>
<!DOCTYPE plist PUBLIC "-//Apple//DTD PLIST 1.0//EN" "http://www.apple.com/DTDs/PropertyList-1.0.dtd">
<plist version="1.0">
<dict>
	<key>archiveVersion</key>
	<string>1</string>
	<key>classes</key>
	<dict/>
	<key>objectVersion</key>
	<string>46</string>
	<key>objects</key>
	<dict>
		<key>3F3E4A4C1941A8F000C3FE3E</key>
		<dict>
			<key>children</key>
			<array>
				<string>3F3E4A5E1941A8F000C3FE3E</string>
				<string>3F3E4A7D1941A8F000C3FE3E</string>
				<string>3F3E4A571941A8F000C3FE3E</string>
				<string>3F3E4A561941A8F000C3FE3E</string>
			</array>
			<key>isa</key>
			<string>PBXGroup</string>
			<key>sourceTree</key>
			<string>&lt;group&gt;</string>
		</dict>
		<key>3F3E4A4D1941A8F000C3FE3E</key>
		<dict>
			<key>attributes</key>
			<dict>
				<key>LastUpgradeCheck</key>
				<string>0510</string>
				<key>ORGANIZATIONNAME</key>
				<string>ironHack</string>
				<key>TargetAttributes</key>
				<dict>
					<key>3F3E4A751941A8F000C3FE3E</key>
					<dict>
						<key>TestTargetID</key>
						<string>3F3E4A541941A8F000C3FE3E</string>
					</dict>
				</dict>
			</dict>
			<key>buildConfigurationList</key>
			<string>3F3E4A501941A8F000C3FE3E</string>
			<key>compatibilityVersion</key>
			<string>Xcode 3.2</string>
			<key>developmentRegion</key>
			<string>English</string>
			<key>hasScannedForEncodings</key>
			<string>0</string>
			<key>isa</key>
			<string>PBXProject</string>
			<key>knownRegions</key>
			<array>
				<string>en</string>
				<string>Base</string>
			</array>
			<key>mainGroup</key>
			<string>3F3E4A4C1941A8F000C3FE3E</string>
			<key>productRefGroup</key>
			<string>3F3E4A561941A8F000C3FE3E</string>
			<key>projectDirPath</key>
			<string></string>
			<key>projectReferences</key>
			<array/>
			<key>projectRoot</key>
			<string></string>
			<key>targets</key>
			<array>
				<string>3F3E4A541941A8F000C3FE3E</string>
				<string>3F3E4A751941A8F000C3FE3E</string>
			</array>
		</dict>
		<key>3F3E4A501941A8F000C3FE3E</key>
		<dict>
			<key>buildConfigurations</key>
			<array>
				<string>3F3E4A851941A8F000C3FE3E</string>
				<string>3F3E4A861941A8F000C3FE3E</string>
			</array>
			<key>defaultConfigurationIsVisible</key>
			<string>0</string>
			<key>defaultConfigurationName</key>
			<string>Release</string>
			<key>isa</key>
			<string>XCConfigurationList</string>
		</dict>
		<key>3F3E4A511941A8F000C3FE3E</key>
		<dict>
			<key>buildActionMask</key>
			<string>2147483647</string>
			<key>files</key>
			<array>
				<string>3F3E4A921941A92A00C3FE3E</string>
				<string>3F3E4A6F1941A8F000C3FE3E</string>
				<string>3F3E4A8F1941A90D00C3FE3E</string>
				<string>3F3E4A691941A8F000C3FE3E</string>
				<string>3F3E4A651941A8F000C3FE3E</string>
			</array>
			<key>isa</key>
			<string>PBXSourcesBuildPhase</string>
			<key>runOnlyForDeploymentPostprocessing</key>
			<string>0</string>
		</dict>
		<key>3F3E4A521941A8F000C3FE3E</key>
		<dict>
			<key>buildActionMask</key>
			<string>2147483647</string>
			<key>files</key>
			<array>
				<string>3F3E4A5B1941A8F000C3FE3E</string>
				<string>3F3E4A5D1941A8F000C3FE3E</string>
				<string>3F3E4A591941A8F000C3FE3E</string>
			</array>
			<key>isa</key>
			<string>PBXFrameworksBuildPhase</string>
			<key>runOnlyForDeploymentPostprocessing</key>
			<string>0</string>
		</dict>
		<key>3F3E4A531941A8F000C3FE3E</key>
		<dict>
			<key>buildActionMask</key>
			<string>2147483647</string>
			<key>files</key>
			<array>
				<string>3F3E4A711941A8F000C3FE3E</string>
				<string>3F3E4A631941A8F000C3FE3E</string>
				<string>3F3E4A941941B09D00C3FE3E</string>
				<string>3F3E4A6C1941A8F000C3FE3E</string>
			</array>
			<key>isa</key>
			<string>PBXResourcesBuildPhase</string>
			<key>runOnlyForDeploymentPostprocessing</key>
			<string>0</string>
		</dict>
		<key>3F3E4A541941A8F000C3FE3E</key>
		<dict>
			<key>buildConfigurationList</key>
			<string>3F3E4A871941A8F000C3FE3E</string>
			<key>buildPhases</key>
			<array>
				<string>3F3E4A511941A8F000C3FE3E</string>
				<string>3F3E4A521941A8F000C3FE3E</string>
				<string>3F3E4A531941A8F000C3FE3E</string>
			</array>
			<key>buildRules</key>
			<array/>
			<key>dependencies</key>
			<array/>
			<key>isa</key>
			<string>PBXNativeTarget</string>
			<key>name</key>
			<string>Bars</string>
			<key>productName</key>
			<string>Bars</string>
			<key>productReference</key>
			<string>3F3E4A551941A8F000C3FE3E</string>
			<key>productType</key>
			<string>com.apple.product-type.application</string>
		</dict>
		<key>3F3E4A551941A8F000C3FE3E</key>
		<dict>
			<key>explicitFileType</key>
			<string>wrapper.application</string>
			<key>includeInIndex</key>
			<string>0</string>
			<key>isa</key>
			<string>PBXFileReference</string>
			<key>path</key>
			<string>Bars.app</string>
			<key>sourceTree</key>
			<string>BUILT_PRODUCTS_DIR</string>
		</dict>
		<key>3F3E4A561941A8F000C3FE3E</key>
		<dict>
			<key>children</key>
			<array>
				<string>3F3E4A551941A8F000C3FE3E</string>
				<string>3F3E4A761941A8F000C3FE3E</string>
			</array>
			<key>isa</key>
			<string>PBXGroup</string>
			<key>name</key>
			<string>Products</string>
			<key>sourceTree</key>
			<string>&lt;group&gt;</string>
		</dict>
		<key>3F3E4A571941A8F000C3FE3E</key>
		<dict>
			<key>children</key>
			<array>
				<string>3F3E4A581941A8F000C3FE3E</string>
				<string>3F3E4A5A1941A8F000C3FE3E</string>
				<string>3F3E4A5C1941A8F000C3FE3E</string>
				<string>3F3E4A771941A8F000C3FE3E</string>
			</array>
			<key>isa</key>
			<string>PBXGroup</string>
			<key>name</key>
			<string>Frameworks</string>
			<key>sourceTree</key>
			<string>&lt;group&gt;</string>
		</dict>
		<key>3F3E4A581941A8F000C3FE3E</key>
		<dict>
			<key>isa</key>
			<string>PBXFileReference</string>
			<key>lastKnownFileType</key>
			<string>wrapper.framework</string>
			<key>name</key>
			<string>Foundation.framework</string>
			<key>path</key>
			<string>System/Library/Frameworks/Foundation.framework</string>
			<key>sourceTree</key>
			<string>SDKROOT</string>
		</dict>
		<key>3F3E4A591941A8F000C3FE3E</key>
		<dict>
			<key>fileRef</key>
			<string>3F3E4A581941A8F000C3FE3E</string>
			<key>isa</key>
			<string>PBXBuildFile</string>
		</dict>
		<key>3F3E4A5A1941A8F000C3FE3E</key>
		<dict>
			<key>isa</key>
			<string>PBXFileReference</string>
			<key>lastKnownFileType</key>
			<string>wrapper.framework</string>
			<key>name</key>
			<string>CoreGraphics.framework</string>
			<key>path</key>
			<string>System/Library/Frameworks/CoreGraphics.framework</string>
			<key>sourceTree</key>
			<string>SDKROOT</string>
		</dict>
		<key>3F3E4A5B1941A8F000C3FE3E</key>
		<dict>
			<key>fileRef</key>
			<string>3F3E4A5A1941A8F000C3FE3E</string>
			<key>isa</key>
			<string>PBXBuildFile</string>
		</dict>
		<key>3F3E4A5C1941A8F000C3FE3E</key>
		<dict>
			<key>isa</key>
			<string>PBXFileReference</string>
			<key>lastKnownFileType</key>
			<string>wrapper.framework</string>
			<key>name</key>
			<string>UIKit.framework</string>
			<key>path</key>
			<string>System/Library/Frameworks/UIKit.framework</string>
			<key>sourceTree</key>
			<string>SDKROOT</string>
		</dict>
		<key>3F3E4A5D1941A8F000C3FE3E</key>
		<dict>
			<key>fileRef</key>
			<string>3F3E4A5C1941A8F000C3FE3E</string>
			<key>isa</key>
			<string>PBXBuildFile</string>
		</dict>
		<key>3F3E4A5E1941A8F000C3FE3E</key>
		<dict>
			<key>children</key>
			<array>
				<string>3F3E4A9B1941C9D000C3FE3E</string>
				<string>3F3E4A9A1941C9C800C3FE3E</string>
				<string>3F3E4A991941B87000C3FE3E</string>
				<string>3F3E4A671941A8F000C3FE3E</string>
				<string>3F3E4A681941A8F000C3FE3E</string>
				<string>3F3E4A701941A8F000C3FE3E</string>
				<string>3F3E4A5F1941A8F000C3FE3E</string>
			</array>
			<key>isa</key>
			<string>PBXGroup</string>
			<key>path</key>
			<string>Bars</string>
			<key>sourceTree</key>
			<string>&lt;group&gt;</string>
		</dict>
		<key>3F3E4A5F1941A8F000C3FE3E</key>
		<dict>
			<key>children</key>
			<array>
				<string>3F3E4A601941A8F000C3FE3E</string>
				<string>3F3E4A611941A8F000C3FE3E</string>
				<string>3F3E4A641941A8F000C3FE3E</string>
				<string>3F3E4A661941A8F000C3FE3E</string>
			</array>
			<key>isa</key>
			<string>PBXGroup</string>
			<key>name</key>
			<string>Supporting Files</string>
			<key>path</key>
			<string>Supporting Files</string>
			<key>sourceTree</key>
			<string>&lt;group&gt;</string>
		</dict>
		<key>3F3E4A601941A8F000C3FE3E</key>
		<dict>
			<key>isa</key>
			<string>PBXFileReference</string>
			<key>lastKnownFileType</key>
			<string>text.plist.xml</string>
			<key>path</key>
			<string>Bars-Info.plist</string>
			<key>sourceTree</key>
			<string>&lt;group&gt;</string>
		</dict>
		<key>3F3E4A611941A8F000C3FE3E</key>
		<dict>
			<key>children</key>
			<array>
				<string>3F3E4A621941A8F000C3FE3E</string>
			</array>
			<key>isa</key>
			<string>PBXVariantGroup</string>
			<key>name</key>
			<string>InfoPlist.strings</string>
			<key>sourceTree</key>
			<string>&lt;group&gt;</string>
		</dict>
		<key>3F3E4A621941A8F000C3FE3E</key>
		<dict>
			<key>isa</key>
			<string>PBXFileReference</string>
			<key>lastKnownFileType</key>
			<string>text.plist.strings</string>
			<key>name</key>
			<string>en</string>
			<key>path</key>
			<string>en.lproj/InfoPlist.strings</string>
			<key>sourceTree</key>
			<string>&lt;group&gt;</string>
		</dict>
		<key>3F3E4A631941A8F000C3FE3E</key>
		<dict>
			<key>fileRef</key>
			<string>3F3E4A611941A8F000C3FE3E</string>
			<key>isa</key>
			<string>PBXBuildFile</string>
		</dict>
		<key>3F3E4A641941A8F000C3FE3E</key>
		<dict>
			<key>isa</key>
			<string>PBXFileReference</string>
			<key>lastKnownFileType</key>
			<string>sourcecode.c.objc</string>
			<key>path</key>
			<string>main.m</string>
			<key>sourceTree</key>
			<string>&lt;group&gt;</string>
		</dict>
		<key>3F3E4A651941A8F000C3FE3E</key>
		<dict>
			<key>fileRef</key>
			<string>3F3E4A641941A8F000C3FE3E</string>
			<key>isa</key>
			<string>PBXBuildFile</string>
		</dict>
		<key>3F3E4A661941A8F000C3FE3E</key>
		<dict>
			<key>isa</key>
			<string>PBXFileReference</string>
			<key>lastKnownFileType</key>
			<string>sourcecode.c.h</string>
			<key>path</key>
			<string>Bars-Prefix.pch</string>
			<key>sourceTree</key>
			<string>&lt;group&gt;</string>
		</dict>
		<key>3F3E4A671941A8F000C3FE3E</key>
		<dict>
			<key>isa</key>
			<string>PBXFileReference</string>
			<key>lastKnownFileType</key>
			<string>sourcecode.c.h</string>
			<key>path</key>
			<string>AppDelegate.h</string>
			<key>sourceTree</key>
			<string>&lt;group&gt;</string>
		</dict>
		<key>3F3E4A681941A8F000C3FE3E</key>
		<dict>
			<key>isa</key>
			<string>PBXFileReference</string>
			<key>lastKnownFileType</key>
			<string>sourcecode.c.objc</string>
			<key>path</key>
			<string>AppDelegate.m</string>
			<key>sourceTree</key>
			<string>&lt;group&gt;</string>
		</dict>
		<key>3F3E4A691941A8F000C3FE3E</key>
		<dict>
			<key>fileRef</key>
			<string>3F3E4A681941A8F000C3FE3E</string>
			<key>isa</key>
			<string>PBXBuildFile</string>
		</dict>
		<key>3F3E4A6A1941A8F000C3FE3E</key>
		<dict>
			<key>children</key>
			<array>
				<string>3F3E4A6B1941A8F000C3FE3E</string>
			</array>
			<key>isa</key>
			<string>PBXVariantGroup</string>
			<key>name</key>
			<string>Main.storyboard</string>
			<key>path</key>
			<string>Bars</string>
			<key>sourceTree</key>
			<string>&lt;group&gt;</string>
		</dict>
		<key>3F3E4A6B1941A8F000C3FE3E</key>
		<dict>
			<key>isa</key>
			<string>PBXFileReference</string>
			<key>lastKnownFileType</key>
			<string>file.storyboard</string>
			<key>name</key>
			<string>Base</string>
			<key>path</key>
			<string>Base.lproj/Main.storyboard</string>
			<key>sourceTree</key>
			<string>&lt;group&gt;</string>
		</dict>
		<key>3F3E4A6C1941A8F000C3FE3E</key>
		<dict>
			<key>fileRef</key>
			<string>3F3E4A6A1941A8F000C3FE3E</string>
			<key>isa</key>
			<string>PBXBuildFile</string>
		</dict>
		<key>3F3E4A6D1941A8F000C3FE3E</key>
		<dict>
			<key>isa</key>
			<string>PBXFileReference</string>
			<key>lastKnownFileType</key>
			<string>sourcecode.c.h</string>
			<key>name</key>
			<string>ViewController.h</string>
			<key>path</key>
			<string>ViewController.h</string>
			<key>sourceTree</key>
			<string>&lt;group&gt;</string>
		</dict>
		<key>3F3E4A6E1941A8F000C3FE3E</key>
		<dict>
			<key>isa</key>
			<string>PBXFileReference</string>
			<key>lastKnownFileType</key>
			<string>sourcecode.c.objc</string>
			<key>name</key>
			<string>ViewController.m</string>
			<key>path</key>
			<string>ViewController.m</string>
			<key>sourceTree</key>
			<string>&lt;group&gt;</string>
		</dict>
		<key>3F3E4A6F1941A8F000C3FE3E</key>
		<dict>
			<key>fileRef</key>
			<string>3F3E4A6E1941A8F000C3FE3E</string>
			<key>isa</key>
			<string>PBXBuildFile</string>
		</dict>
		<key>3F3E4A701941A8F000C3FE3E</key>
		<dict>
			<key>isa</key>
			<string>PBXFileReference</string>
			<key>lastKnownFileType</key>
			<string>folder.assetcatalog</string>
			<key>path</key>
			<string>Images.xcassets</string>
			<key>sourceTree</key>
			<string>&lt;group&gt;</string>
		</dict>
		<key>3F3E4A711941A8F000C3FE3E</key>
		<dict>
			<key>fileRef</key>
			<string>3F3E4A701941A8F000C3FE3E</string>
			<key>isa</key>
			<string>PBXBuildFile</string>
		</dict>
		<key>3F3E4A721941A8F000C3FE3E</key>
		<dict>
			<key>buildActionMask</key>
			<string>2147483647</string>
			<key>files</key>
			<array>
				<string>3F3E4A841941A8F000C3FE3E</string>
				<string>3F3E4A961941B2C800C3FE3E</string>
			</array>
			<key>isa</key>
			<string>PBXSourcesBuildPhase</string>
			<key>runOnlyForDeploymentPostprocessing</key>
			<string>0</string>
		</dict>
		<key>3F3E4A731941A8F000C3FE3E</key>
		<dict>
			<key>buildActionMask</key>
			<string>2147483647</string>
			<key>files</key>
			<array>
				<string>3F3E4A781941A8F000C3FE3E</string>
				<string>3F3E4A7A1941A8F000C3FE3E</string>
				<string>3F3E4A791941A8F000C3FE3E</string>
			</array>
			<key>isa</key>
			<string>PBXFrameworksBuildPhase</string>
			<key>runOnlyForDeploymentPostprocessing</key>
			<string>0</string>
		</dict>
		<key>3F3E4A741941A8F000C3FE3E</key>
		<dict>
			<key>buildActionMask</key>
			<string>2147483647</string>
			<key>files</key>
			<array>
				<string>3F3E4A821941A8F000C3FE3E</string>
			</array>
			<key>isa</key>
			<string>PBXResourcesBuildPhase</string>
			<key>runOnlyForDeploymentPostprocessing</key>
			<string>0</string>
		</dict>
		<key>3F3E4A751941A8F000C3FE3E</key>
		<dict>
			<key>buildConfigurationList</key>
			<string>3F3E4A8A1941A8F000C3FE3E</string>
			<key>buildPhases</key>
			<array>
				<string>3F3E4A721941A8F000C3FE3E</string>
				<string>3F3E4A731941A8F000C3FE3E</string>
				<string>3F3E4A741941A8F000C3FE3E</string>
			</array>
			<key>buildRules</key>
			<array/>
			<key>dependencies</key>
			<array>
				<string>3F3E4A7C1941A8F000C3FE3E</string>
			</array>
			<key>isa</key>
			<string>PBXNativeTarget</string>
			<key>name</key>
			<string>BarsTests</string>
			<key>productName</key>
			<string>BarsTests</string>
			<key>productReference</key>
			<string>3F3E4A761941A8F000C3FE3E</string>
			<key>productType</key>
			<string>com.apple.product-type.bundle.unit-test</string>
		</dict>
		<key>3F3E4A761941A8F000C3FE3E</key>
		<dict>
			<key>explicitFileType</key>
			<string>wrapper.cfbundle</string>
			<key>includeInIndex</key>
			<string>0</string>
			<key>isa</key>
			<string>PBXFileReference</string>
			<key>path</key>
			<string>BarsTests.xctest</string>
			<key>sourceTree</key>
			<string>BUILT_PRODUCTS_DIR</string>
		</dict>
		<key>3F3E4A771941A8F000C3FE3E</key>
		<dict>
			<key>isa</key>
			<string>PBXFileReference</string>
			<key>lastKnownFileType</key>
			<string>wrapper.framework</string>
			<key>name</key>
			<string>XCTest.framework</string>
			<key>path</key>
			<string>Library/Frameworks/XCTest.framework</string>
			<key>sourceTree</key>
			<string>DEVELOPER_DIR</string>
		</dict>
		<key>3F3E4A781941A8F000C3FE3E</key>
		<dict>
			<key>fileRef</key>
			<string>3F3E4A771941A8F000C3FE3E</string>
			<key>isa</key>
			<string>PBXBuildFile</string>
		</dict>
		<key>3F3E4A791941A8F000C3FE3E</key>
		<dict>
			<key>fileRef</key>
			<string>3F3E4A581941A8F000C3FE3E</string>
			<key>isa</key>
			<string>PBXBuildFile</string>
		</dict>
		<key>3F3E4A7A1941A8F000C3FE3E</key>
		<dict>
			<key>fileRef</key>
			<string>3F3E4A5C1941A8F000C3FE3E</string>
			<key>isa</key>
			<string>PBXBuildFile</string>
		</dict>
		<key>3F3E4A7B1941A8F000C3FE3E</key>
		<dict>
			<key>containerPortal</key>
			<string>3F3E4A4D1941A8F000C3FE3E</string>
			<key>isa</key>
			<string>PBXContainerItemProxy</string>
			<key>proxyType</key>
			<string>1</string>
			<key>remoteGlobalIDString</key>
			<string>3F3E4A541941A8F000C3FE3E</string>
			<key>remoteInfo</key>
			<string>Bars</string>
		</dict>
		<key>3F3E4A7C1941A8F000C3FE3E</key>
		<dict>
			<key>isa</key>
			<string>PBXTargetDependency</string>
			<key>target</key>
			<string>3F3E4A541941A8F000C3FE3E</string>
			<key>targetProxy</key>
			<string>3F3E4A7B1941A8F000C3FE3E</string>
		</dict>
		<key>3F3E4A7D1941A8F000C3FE3E</key>
		<dict>
			<key>children</key>
			<array>
				<string>3F3E4A831941A8F000C3FE3E</string>
				<string>3F3E4A951941B2C800C3FE3E</string>
				<string>3F3E4A7E1941A8F000C3FE3E</string>
			</array>
			<key>isa</key>
			<string>PBXGroup</string>
			<key>path</key>
			<string>BarsTests</string>
			<key>sourceTree</key>
			<string>&lt;group&gt;</string>
		</dict>
		<key>3F3E4A7E1941A8F000C3FE3E</key>
		<dict>
			<key>children</key>
			<array>
				<string>3F3E4A7F1941A8F000C3FE3E</string>
				<string>3F3E4A801941A8F000C3FE3E</string>
			</array>
			<key>isa</key>
			<string>PBXGroup</string>
			<key>name</key>
			<string>Supporting Files</string>
			<key>path</key>
			<string>Supporting Files</string>
			<key>sourceTree</key>
			<string>&lt;group&gt;</string>
		</dict>
		<key>3F3E4A7F1941A8F000C3FE3E</key>
		<dict>
			<key>isa</key>
			<string>PBXFileReference</string>
			<key>lastKnownFileType</key>
			<string>text.plist.xml</string>
			<key>path</key>
			<string>BarsTests-Info.plist</string>
			<key>sourceTree</key>
			<string>&lt;group&gt;</string>
		</dict>
		<key>3F3E4A801941A8F000C3FE3E</key>
		<dict>
			<key>children</key>
			<array>
				<string>3F3E4A811941A8F000C3FE3E</string>
			</array>
			<key>isa</key>
			<string>PBXVariantGroup</string>
			<key>name</key>
			<string>InfoPlist.strings</string>
			<key>sourceTree</key>
			<string>&lt;group&gt;</string>
		</dict>
		<key>3F3E4A811941A8F000C3FE3E</key>
		<dict>
			<key>isa</key>
			<string>PBXFileReference</string>
			<key>lastKnownFileType</key>
			<string>text.plist.strings</string>
			<key>name</key>
			<string>en</string>
			<key>path</key>
			<string>en.lproj/InfoPlist.strings</string>
			<key>sourceTree</key>
			<string>&lt;group&gt;</string>
		</dict>
		<key>3F3E4A821941A8F000C3FE3E</key>
		<dict>
			<key>fileRef</key>
			<string>3F3E4A801941A8F000C3FE3E</string>
			<key>isa</key>
			<string>PBXBuildFile</string>
		</dict>
		<key>3F3E4A831941A8F000C3FE3E</key>
		<dict>
			<key>isa</key>
			<string>PBXFileReference</string>
			<key>lastKnownFileType</key>
			<string>sourcecode.c.objc</string>
			<key>path</key>
			<string>BarsTests.m</string>
			<key>sourceTree</key>
			<string>&lt;group&gt;</string>
		</dict>
		<key>3F3E4A841941A8F000C3FE3E</key>
		<dict>
			<key>fileRef</key>
			<string>3F3E4A831941A8F000C3FE3E</string>
			<key>isa</key>
			<string>PBXBuildFile</string>
		</dict>
		<key>3F3E4A851941A8F000C3FE3E</key>
		<dict>
			<key>buildSettings</key>
			<dict>
				<key>ALWAYS_SEARCH_USER_PATHS</key>
				<string>NO</string>
				<key>CLANG_CXX_LANGUAGE_STANDARD</key>
				<string>gnu++0x</string>
				<key>CLANG_CXX_LIBRARY</key>
				<string>libc++</string>
				<key>CLANG_ENABLE_MODULES</key>
				<string>YES</string>
				<key>CLANG_ENABLE_OBJC_ARC</key>
				<string>YES</string>
				<key>CLANG_WARN_BOOL_CONVERSION</key>
				<string>YES</string>
				<key>CLANG_WARN_CONSTANT_CONVERSION</key>
				<string>YES</string>
				<key>CLANG_WARN_DIRECT_OBJC_ISA_USAGE</key>
				<string>YES_ERROR</string>
				<key>CLANG_WARN_EMPTY_BODY</key>
				<string>YES</string>
				<key>CLANG_WARN_ENUM_CONVERSION</key>
				<string>YES</string>
				<key>CLANG_WARN_INT_CONVERSION</key>
				<string>YES</string>
				<key>CLANG_WARN_OBJC_ROOT_CLASS</key>
				<string>YES_ERROR</string>
				<key>CLANG_WARN__DUPLICATE_METHOD_MATCH</key>
				<string>YES</string>
				<key>CODE_SIGN_IDENTITY[sdk=iphoneos*]</key>
				<string>iPhone Developer</string>
				<key>COPY_PHASE_STRIP</key>
				<string>NO</string>
				<key>GCC_C_LANGUAGE_STANDARD</key>
				<string>gnu99</string>
				<key>GCC_DYNAMIC_NO_PIC</key>
				<string>NO</string>
				<key>GCC_OPTIMIZATION_LEVEL</key>
				<string>0</string>
				<key>GCC_PREPROCESSOR_DEFINITIONS</key>
				<array>
					<string>DEBUG=1</string>
					<string>$(inherited)</string>
				</array>
				<key>GCC_SYMBOLS_PRIVATE_EXTERN</key>
				<string>NO</string>
				<key>GCC_WARN_64_TO_32_BIT_CONVERSION</key>
				<string>YES</string>
				<key>GCC_WARN_ABOUT_RETURN_TYPE</key>
				<string>YES_ERROR</string>
				<key>GCC_WARN_UNDECLARED_SELECTOR</key>
				<string>YES</string>
				<key>GCC_WARN_UNINITIALIZED_AUTOS</key>
				<string>YES_AGGRESSIVE</string>
				<key>GCC_WARN_UNUSED_FUNCTION</key>
				<string>YES</string>
				<key>GCC_WARN_UNUSED_VARIABLE</key>
				<string>YES</string>
				<key>IPHONEOS_DEPLOYMENT_TARGET</key>
				<string>7.1</string>
				<key>ONLY_ACTIVE_ARCH</key>
				<string>YES</string>
				<key>SDKROOT</key>
				<string>iphoneos</string>
			</dict>
			<key>isa</key>
			<string>XCBuildConfiguration</string>
			<key>name</key>
			<string>Debug</string>
		</dict>
		<key>3F3E4A861941A8F000C3FE3E</key>
		<dict>
			<key>buildSettings</key>
			<dict>
				<key>ALWAYS_SEARCH_USER_PATHS</key>
				<string>NO</string>
				<key>CLANG_CXX_LANGUAGE_STANDARD</key>
				<string>gnu++0x</string>
				<key>CLANG_CXX_LIBRARY</key>
				<string>libc++</string>
				<key>CLANG_ENABLE_MODULES</key>
				<string>YES</string>
				<key>CLANG_ENABLE_OBJC_ARC</key>
				<string>YES</string>
				<key>CLANG_WARN_BOOL_CONVERSION</key>
				<string>YES</string>
				<key>CLANG_WARN_CONSTANT_CONVERSION</key>
				<string>YES</string>
				<key>CLANG_WARN_DIRECT_OBJC_ISA_USAGE</key>
				<string>YES_ERROR</string>
				<key>CLANG_WARN_EMPTY_BODY</key>
				<string>YES</string>
				<key>CLANG_WARN_ENUM_CONVERSION</key>
				<string>YES</string>
				<key>CLANG_WARN_INT_CONVERSION</key>
				<string>YES</string>
				<key>CLANG_WARN_OBJC_ROOT_CLASS</key>
				<string>YES_ERROR</string>
				<key>CLANG_WARN__DUPLICATE_METHOD_MATCH</key>
				<string>YES</string>
				<key>CODE_SIGN_IDENTITY[sdk=iphoneos*]</key>
				<string>iPhone Developer</string>
				<key>COPY_PHASE_STRIP</key>
				<string>YES</string>
				<key>ENABLE_NS_ASSERTIONS</key>
				<string>NO</string>
				<key>GCC_C_LANGUAGE_STANDARD</key>
				<string>gnu99</string>
				<key>GCC_WARN_64_TO_32_BIT_CONVERSION</key>
				<string>YES</string>
				<key>GCC_WARN_ABOUT_RETURN_TYPE</key>
				<string>YES_ERROR</string>
				<key>GCC_WARN_UNDECLARED_SELECTOR</key>
				<string>YES</string>
				<key>GCC_WARN_UNINITIALIZED_AUTOS</key>
				<string>YES_AGGRESSIVE</string>
				<key>GCC_WARN_UNUSED_FUNCTION</key>
				<string>YES</string>
				<key>GCC_WARN_UNUSED_VARIABLE</key>
				<string>YES</string>
				<key>IPHONEOS_DEPLOYMENT_TARGET</key>
				<string>7.1</string>
				<key>SDKROOT</key>
				<string>iphoneos</string>
				<key>VALIDATE_PRODUCT</key>
				<string>YES</string>
			</dict>
			<key>isa</key>
			<string>XCBuildConfiguration</string>
			<key>name</key>
			<string>Release</string>
		</dict>
		<key>3F3E4A871941A8F000C3FE3E</key>
		<dict>
			<key>buildConfigurations</key>
			<array>
				<string>3F3E4A881941A8F000C3FE3E</string>
				<string>3F3E4A891941A8F000C3FE3E</string>
			</array>
			<key>defaultConfigurationIsVisible</key>
			<string>0</string>
			<key>isa</key>
			<string>XCConfigurationList</string>
		</dict>
		<key>3F3E4A881941A8F000C3FE3E</key>
		<dict>
			<key>buildSettings</key>
			<dict>
				<key>ASSETCATALOG_COMPILER_APPICON_NAME</key>
				<string>AppIcon</string>
				<key>ASSETCATALOG_COMPILER_LAUNCHIMAGE_NAME</key>
				<string>LaunchImage</string>
				<key>GCC_PRECOMPILE_PREFIX_HEADER</key>
				<string>YES</string>
				<key>GCC_PREFIX_HEADER</key>
				<string>Bars/Supporting Files/Bars-Prefix.pch</string>
				<key>INFOPLIST_FILE</key>
				<string>Bars/Supporting Files/Bars-Info.plist</string>
				<key>PRODUCT_NAME</key>
				<string>$(TARGET_NAME)</string>
				<key>WRAPPER_EXTENSION</key>
				<string>app</string>
			</dict>
			<key>isa</key>
			<string>XCBuildConfiguration</string>
			<key>name</key>
			<string>Debug</string>
		</dict>
		<key>3F3E4A891941A8F000C3FE3E</key>
		<dict>
			<key>buildSettings</key>
			<dict>
				<key>ASSETCATALOG_COMPILER_APPICON_NAME</key>
				<string>AppIcon</string>
				<key>ASSETCATALOG_COMPILER_LAUNCHIMAGE_NAME</key>
				<string>LaunchImage</string>
				<key>GCC_PRECOMPILE_PREFIX_HEADER</key>
				<string>YES</string>
				<key>GCC_PREFIX_HEADER</key>
				<string>Bars/Supporting Files/Bars-Prefix.pch</string>
				<key>INFOPLIST_FILE</key>
				<string>Bars/Supporting Files/Bars-Info.plist</string>
				<key>PRODUCT_NAME</key>
				<string>$(TARGET_NAME)</string>
				<key>WRAPPER_EXTENSION</key>
				<string>app</string>
			</dict>
			<key>isa</key>
			<string>XCBuildConfiguration</string>
			<key>name</key>
			<string>Release</string>
		</dict>
		<key>3F3E4A8A1941A8F000C3FE3E</key>
		<dict>
			<key>buildConfigurations</key>
			<array>
				<string>3F3E4A8B1941A8F000C3FE3E</string>
				<string>3F3E4A8C1941A8F000C3FE3E</string>
			</array>
			<key>defaultConfigurationIsVisible</key>
			<string>0</string>
			<key>isa</key>
			<string>XCConfigurationList</string>
		</dict>
		<key>3F3E4A8B1941A8F000C3FE3E</key>
		<dict>
			<key>buildSettings</key>
			<dict>
				<key>BUNDLE_LOADER</key>
				<string>$(BUILT_PRODUCTS_DIR)/Bars.app/Bars</string>
				<key>FRAMEWORK_SEARCH_PATHS</key>
				<array>
					<string>$(SDKROOT)/Developer/Library/Frameworks</string>
					<string>$(inherited)</string>
					<string>$(DEVELOPER_FRAMEWORKS_DIR)</string>
				</array>
				<key>GCC_PRECOMPILE_PREFIX_HEADER</key>
				<string>YES</string>
				<key>GCC_PREFIX_HEADER</key>
				<string>Bars/Supporting Files/Bars-Prefix.pch</string>
				<key>GCC_PREPROCESSOR_DEFINITIONS</key>
				<array>
					<string>DEBUG=1</string>
					<string>$(inherited)</string>
				</array>
				<key>INFOPLIST_FILE</key>
				<string>BarsTests/Supporting Files/BarsTests-Info.plist</string>
				<key>PRODUCT_NAME</key>
				<string>$(TARGET_NAME)</string>
				<key>TEST_HOST</key>
				<string>$(BUNDLE_LOADER)</string>
				<key>WRAPPER_EXTENSION</key>
				<string>xctest</string>
			</dict>
			<key>isa</key>
			<string>XCBuildConfiguration</string>
			<key>name</key>
			<string>Debug</string>
		</dict>
		<key>3F3E4A8C1941A8F000C3FE3E</key>
		<dict>
			<key>buildSettings</key>
			<dict>
				<key>BUNDLE_LOADER</key>
				<string>$(BUILT_PRODUCTS_DIR)/Bars.app/Bars</string>
				<key>FRAMEWORK_SEARCH_PATHS</key>
				<array>
					<string>$(SDKROOT)/Developer/Library/Frameworks</string>
					<string>$(inherited)</string>
					<string>$(DEVELOPER_FRAMEWORKS_DIR)</string>
				</array>
				<key>GCC_PRECOMPILE_PREFIX_HEADER</key>
				<string>YES</string>
				<key>GCC_PREFIX_HEADER</key>
				<string>Bars/Supporting Files/Bars-Prefix.pch</string>
				<key>INFOPLIST_FILE</key>
				<string>BarsTests/Supporting Files/BarsTests-Info.plist</string>
				<key>PRODUCT_NAME</key>
				<string>$(TARGET_NAME)</string>
				<key>TEST_HOST</key>
				<string>$(BUNDLE_LOADER)</string>
				<key>WRAPPER_EXTENSION</key>
				<string>xctest</string>
			</dict>
			<key>isa</key>
			<string>XCBuildConfiguration</string>
			<key>name</key>
			<string>Release</string>
		</dict>
		<key>3F3E4A8D1941A90D00C3FE3E</key>
		<dict>
			<key>fileEncoding</key>
			<string>4</string>
			<key>isa</key>
			<string>PBXFileReference</string>
			<key>lastKnownFileType</key>
			<string>sourcecode.c.h</string>
			<key>path</key>
			<string>Bar.h</string>
			<key>sourceTree</key>
			<string>&lt;group&gt;</string>
		</dict>
		<key>3F3E4A8E1941A90D00C3FE3E</key>
		<dict>
			<key>fileEncoding</key>
			<string>4</string>
			<key>isa</key>
			<string>PBXFileReference</string>
			<key>lastKnownFileType</key>
			<string>sourcecode.c.objc</string>
			<key>path</key>
			<string>Bar.m</string>
			<key>sourceTree</key>
			<string>&lt;group&gt;</string>
		</dict>
		<key>3F3E4A8F1941A90D00C3FE3E</key>
		<dict>
			<key>fileRef</key>
			<string>3F3E4A8E1941A90D00C3FE3E</string>
			<key>isa</key>
			<string>PBXBuildFile</string>
		</dict>
		<key>3F3E4A901941A92A00C3FE3E</key>
		<dict>
			<key>fileEncoding</key>
			<string>4</string>
			<key>isa</key>
			<string>PBXFileReference</string>
			<key>lastKnownFileType</key>
			<string>sourcecode.c.h</string>
			<key>path</key>
			<string>Bars.h</string>
			<key>sourceTree</key>
			<string>&lt;group&gt;</string>
		</dict>
		<key>3F3E4A911941A92A00C3FE3E</key>
		<dict>
			<key>fileEncoding</key>
			<string>4</string>
			<key>isa</key>
			<string>PBXFileReference</string>
			<key>lastKnownFileType</key>
			<string>sourcecode.c.objc</string>
			<key>path</key>
			<string>Bars.m</string>
			<key>sourceTree</key>
			<string>&lt;group&gt;</string>
		</dict>
		<key>3F3E4A921941A92A00C3FE3E</key>
		<dict>
			<key>fileRef</key>
			<string>3F3E4A911941A92A00C3FE3E</string>
			<key>isa</key>
			<string>PBXBuildFile</string>
		</dict>
		<key>3F3E4A931941B09D00C3FE3E</key>
		<dict>
			<key>fileEncoding</key>
			<string>4</string>
			<key>isa</key>
			<string>PBXFileReference</string>
			<key>lastKnownFileType</key>
			<string>text.plist.xml</string>
			<key>path</key>
			<string>Bars_List.plist</string>
			<key>sourceTree</key>
			<string>&lt;group&gt;</string>
		</dict>
		<key>3F3E4A941941B09D00C3FE3E</key>
		<dict>
			<key>fileRef</key>
			<string>3F3E4A931941B09D00C3FE3E</string>
			<key>isa</key>
			<string>PBXBuildFile</string>
		</dict>
		<key>3F3E4A951941B2C800C3FE3E</key>
		<dict>
			<key>fileEncoding</key>
			<string>4</string>
			<key>isa</key>
			<string>PBXFileReference</string>
			<key>lastKnownFileType</key>
			<string>sourcecode.c.objc</string>
			<key>path</key>
			<string>BarTest.m</string>
			<key>sourceTree</key>
			<string>&lt;group&gt;</string>
		</dict>
		<key>3F3E4A961941B2C800C3FE3E</key>
		<dict>
			<key>fileRef</key>
			<string>3F3E4A951941B2C800C3FE3E</string>
			<key>isa</key>
			<string>PBXBuildFile</string>
		</dict>
		<key>3F3E4A991941B87000C3FE3E</key>
		<dict>
			<key>children</key>
			<array>
				<string>3F3E4A931941B09D00C3FE3E</string>
				<string>3F3E4A8D1941A90D00C3FE3E</string>
				<string>3F3E4A8E1941A90D00C3FE3E</string>
				<string>3F3E4A901941A92A00C3FE3E</string>
				<string>3F3E4A911941A92A00C3FE3E</string>
			</array>
			<key>isa</key>
			<string>PBXGroup</string>
			<key>name</key>
			<string>Model</string>
			<key>path</key>
			<string>Model</string>
			<key>sourceTree</key>
			<string>&lt;group&gt;</string>
		</dict>
		<key>3F3E4A9A1941C9C800C3FE3E</key>
		<dict>
			<key>children</key>
			<array>
				<string>3F3E4A6A1941A8F000C3FE3E</string>
			</array>
			<key>isa</key>
			<string>PBXGroup</string>
			<key>name</key>
			<string>View</string>
			<key>path</key>
			<string>View</string>
			<key>sourceTree</key>
			<string>&lt;group&gt;</string>
		</dict>
		<key>3F3E4A9B1941C9D000C3FE3E</key>
		<dict>
			<key>children</key>
			<array>
				<string>3F3E4A6D1941A8F000C3FE3E</string>
				<string>3F3E4A6E1941A8F000C3FE3E</string>
			</array>
			<key>isa</key>
			<string>PBXGroup</string>
			<key>name</key>
			<string>Controller</string>
			<key>path</key>
			<string>Controller</string>
			<key>sourceTree</key>
			<string>&lt;group&gt;</string>
		</dict>
	</dict>
	<key>rootObject</key>
	<string>3F3E4A4D1941A8F000C3FE3E</string>
</dict>
</plist>
